
Microsoft Visual Studio Solution File, Format Version 12.00
# Visual Studio Version 17
VisualStudioVersion = 17.4.33213.308
MinimumVisualStudioVersion = 10.0.40219.1
Project("{FAE04EC0-301F-11D3-BF4B-00C04F79EFBC}") = "DAQFunctionGenerator", "DAQFunctionGenerator\DAQFunctionGenerator.csproj", "{CEE66636-B399-4780-8E9B-00BC88A5A28E}"
EndProject
Global
	GlobalSection(SolutionConfigurationPlatforms) = preSolution
		Debug|Any CPU = Debug|Any CPU
		Release|Any CPU = Release|Any CPU
	EndGlobalSection
	GlobalSection(ProjectConfigurationPlatforms) = postSolution
		{CEE66636-B399-4780-8E9B-00BC88A5A28E}.Debug|Any CPU.ActiveCfg = Debug|Any CPU
		{CEE66636-B399-4780-8E9B-00BC88A5A28E}.Debug|Any CPU.Build.0 = Debug|Any CPU
		{CEE66636-B399-4780-8E9B-00BC88A5A28E}.Release|Any CPU.ActiveCfg = Release|Any CPU
		{CEE66636-B399-4780-8E9B-00BC88A5A28E}.Release|Any CPU.Build.0 = Release|Any CPU
	EndGlobalSection
	GlobalSection(SolutionProperties) = preSolution
		HideSolutionNode = FALSE
	EndGlobalSection
	GlobalSection(ExtensibilityGlobals) = postSolution
		SolutionGuid = {6CD48491-269C-4EAA-9B59-8A34337B11FD}
	EndGlobalSection
EndGlobal
